
Microsoft Visual Studio Solution File, Format Version 12.00
# Visual Studio Version 17
VisualStudioVersion = 17.3.32825.248
MinimumVisualStudioVersion = 10.0.40219.1
Project("{FAE04EC0-301F-11D3-BF4B-00C04F79EFBC}") = "Lab8", "Lab8\Lab8.csproj", "{E87BC3B8-B586-4131-A35E-F34BFF55B667}"
EndProject
Global
	GlobalSection(SolutionConfigurationPlatforms) = preSolution
		Debug|Any CPU = Debug|Any CPU
		Release|Any CPU = Release|Any CPU
	EndGlobalSection
	GlobalSection(ProjectConfigurationPlatforms) = postSolution
		{E87BC3B8-B586-4131-A35E-F34BFF55B667}.Debug|Any CPU.ActiveCfg = Debug|Any CPU
		{E87BC3B8-B586-4131-A35E-F34BFF55B667}.Debug|Any CPU.Build.0 = Debug|Any CPU
		{E87BC3B8-B586-4131-A35E-F34BFF55B667}.Release|Any CPU.ActiveCfg = Release|Any CPU
		{E87BC3B8-B586-4131-A35E-F34BFF55B667}.Release|Any CPU.Build.0 = Release|Any CPU
	EndGlobalSection
	GlobalSection(SolutionProperties) = preSolution
		HideSolutionNode = FALSE
	EndGlobalSection
	GlobalSection(ExtensibilityGlobals) = postSolution
		SolutionGuid = {12D65E3E-B77F-4997-9DA0-BA41737379E3}
	EndGlobalSection
EndGlobal
